
Microsoft Visual Studio Solution File, Format Version 12.00
# Visual Studio 15
Project("{FAE04EC0-301F-11D3-BF4B-00C04F79EFBC}") = "Assembly-CSharp", "Assembly-CSharp.csproj", "{AB677ACC-7535-7FB7-19C0-CEFE9E8EAD70}"
EndProject
Project("{FAE04EC0-301F-11D3-BF4B-00C04F79EFBC}") = "Assembly-CSharp-Editor", "Assembly-CSharp-Editor.csproj", "{D869882A-66A7-3345-D753-2EEB571795DD}"
EndProject
Global
	GlobalSection(SolutionConfigurationPlatforms) = preSolution
		Debug|Any CPU = Debug|Any CPU
		Release|Any CPU = Release|Any CPU
	EndGlobalSection
	GlobalSection(ProjectConfigurationPlatforms) = postSolution
		{AB677ACC-7535-7FB7-19C0-CEFE9E8EAD70}.Debug|Any CPU.ActiveCfg = Debug|Any CPU
		{AB677ACC-7535-7FB7-19C0-CEFE9E8EAD70}.Debug|Any CPU.Build.0 = Debug|Any CPU
		{AB677ACC-7535-7FB7-19C0-CEFE9E8EAD70}.Release|Any CPU.ActiveCfg = Release|Any CPU
		{AB677ACC-7535-7FB7-19C0-CEFE9E8EAD70}.Release|Any CPU.Build.0 = Release|Any CPU
		{D869882A-66A7-3345-D753-2EEB571795DD}.Debug|Any CPU.ActiveCfg = Debug|Any CPU
		{D869882A-66A7-3345-D753-2EEB571795DD}.Debug|Any CPU.Build.0 = Debug|Any CPU
		{D869882A-66A7-3345-D753-2EEB571795DD}.Release|Any CPU.ActiveCfg = Release|Any CPU
		{D869882A-66A7-3345-D753-2EEB571795DD}.Release|Any CPU.Build.0 = Release|Any CPU
	EndGlobalSection
	GlobalSection(SolutionProperties) = preSolution
		HideSolutionNode = FALSE
	EndGlobalSection
EndGlobal
